{
  "nodes": {
    "nixpkgs": {
      "locked": {
        "lastModified": 1721833789,
        "narHash": "sha256-VQw64O2UO0SnJlYiE9jvF9QVcFZgxvfiQxV2sKA20MU=",
        "owner": "nixos",
        "repo": "nixpkgs",
        "rev": "0e34403dab7f1171e0a2e4f5a47c32e7db95d0b2",
        "type": "github"
      },
      "original": {
        "owner": "nixos",
        "repo": "nixpkgs",
        "type": "github"
      }
    },
    "nixpkgs_2": {
      "locked": {
        "lastModified": 1716807034,
        "narHash": "sha256-AQwfMBtC8tiDZHEgLssOU4qUiRhC2nO+YdxAvZXeW7o=",
        "owner": "nixos",
        "repo": "nixpkgs",
        "rev": "e751fce87c5d9a8c9375b59d5b508a34a76b5623",
        "type": "github"
      },
      "original": {
        "owner": "nixos",
        "repo": "nixpkgs",
        "type": "github"
      }
    },
    "root": {
      "inputs": {
        "nixpkgs": "nixpkgs",
        "vite": "vite"
      }
    },
    "vite": {
      "inputs": {
        "nixpkgs": "nixpkgs_2"
      },
      "locked": {
        "lastModified": 1721802063,
        "narHash": "sha256-rmfHh+td7P7vyg4t1XsGroNxeNDIlAGtFwMdWbvG/9A=",
        "owner": "icyphox",
        "repo": "go-vite",
        "rev": "45310dfe7ecd7b5407640287e4e7069a53cf7100",
        "type": "github"
      },
      "original": {
        "owner": "icyphox",
        "repo": "go-vite",
        "type": "github"
      }
    }
  },
  "root": "root",
  "version": 7
}
