{
  "nodes": {
    "nixpkgs": {
      "locked": {
        "lastModified": 1737316331,
        "narHash": "sha256-Gev1DE6Or+xzTIiTRrvnmVyUHj6x/Gtk6EO4iJJ58So=",
        "owner": "nixos",
        "repo": "nixpkgs",
        "rev": "20d2e6da70836953b778f6cd95e9312e65391ef9",
        "type": "github"
      },
      "original": {
        "owner": "nixos",
        "repo": "nixpkgs",
        "type": "github"
      }
    },
    "nixpkgs_2": {
      "locked": {
        "lastModified": 1716807034,
        "narHash": "sha256-AQwfMBtC8tiDZHEgLssOU4qUiRhC2nO+YdxAvZXeW7o=",
        "owner": "nixos",
        "repo": "nixpkgs",
        "rev": "e751fce87c5d9a8c9375b59d5b508a34a76b5623",
        "type": "github"
      },
      "original": {
        "owner": "nixos",
        "repo": "nixpkgs",
        "type": "github"
      }
    },
    "root": {
      "inputs": {
        "nixpkgs": "nixpkgs",
        "vite": "vite"
      }
    },
    "vite": {
      "inputs": {
        "nixpkgs": "nixpkgs_2"
      },
      "locked": {
        "lastModified": 1737316691,
        "narHash": "sha256-EUo4/8wpIF8ZposFbH+d77c2wDzR8/oGA2qE7nVDo+Y=",
        "owner": "icyphox",
        "repo": "go-vite",
        "rev": "39b8d08cf911e22d238d5b30f18434a346c02733",
        "type": "github"
      },
      "original": {
        "owner": "icyphox",
        "repo": "go-vite",
        "type": "github"
      }
    }
  },
  "root": "root",
  "version": 7
}
